// !$*UTF8*$!
{
	archiveVersion = 1;
	classes = {
	};
	objectVersion = 56;
	objects = {

/* Begin PBXBuildFile section */
		671082142A13A5CB00663B32 /* DynamicSource_iOSApp.swift in Sources */ = {isa = PBXBuildFile; fileRef = 671082132A13A5CB00663B32 /* DynamicSource_iOSApp.swift */; };
		671082162A13A5CB00663B32 /* ContentView.swift in Sources */ = {isa = PBXBuildFile; fileRef = 671082152A13A5CB00663B32 /* ContentView.swift */; };
		671082182A13A5CE00663B32 /* Assets.xcassets in Resources */ = {isa = PBXBuildFile; fileRef = 671082172A13A5CE00663B32 /* Assets.xcassets */; };
		6710821C2A13A5CE00663B32 /* Preview Assets.xcassets in Resources */ = {isa = PBXBuildFile; fileRef = 6710821B2A13A5CE00663B32 /* Preview Assets.xcassets */; };
		671082262A13A5CE00663B32 /* DynamicSource_iOSTests.swift in Sources */ = {isa = PBXBuildFile; fileRef = 671082252A13A5CE00663B32 /* DynamicSource_iOSTests.swift */; };
		671082302A13A5CE00663B32 /* DynamicSource_iOSUITests.swift in Sources */ = {isa = PBXBuildFile; fileRef = 6710822F2A13A5CE00663B32 /* DynamicSource_iOSUITests.swift */; };
		671082322A13A5CE00663B32 /* DynamicSource_iOSUITestsLaunchTests.swift in Sources */ = {isa = PBXBuildFile; fileRef = 671082312A13A5CE00663B32 /* DynamicSource_iOSUITestsLaunchTests.swift */; };
		6710823F2A13A5F600663B32 /* ResponseModel.swift in Sources */ = {isa = PBXBuildFile; fileRef = 6710823E2A13A5F600663B32 /* ResponseModel.swift */; };
		671082452A13B14B00663B32 /* View+Extension.swift in Sources */ = {isa = PBXBuildFile; fileRef = 671082442A13B14B00663B32 /* View+Extension.swift */; };
		671082472A13C12100663B32 /* MapViewModel.swift in Sources */ = {isa = PBXBuildFile; fileRef = 671082462A13C12100663B32 /* MapViewModel.swift */; };
		671082492A13C1A900663B32 /* epwa_example_incomplete.json in Resources */ = {isa = PBXBuildFile; fileRef = 671082482A13C1A900663B32 /* epwa_example_incomplete.json */; };
		679B726B2A162E4200546F2B /* Optional+Extension.swift in Sources */ = {isa = PBXBuildFile; fileRef = 679B726A2A162E4200546F2B /* Optional+Extension.swift */; };
		A92748072A166E1D00C292AD /* MapView.swift in Sources */ = {isa = PBXBuildFile; fileRef = A92748062A166E1D00C292AD /* MapView.swift */; };
		A927480A2A168F1600C292AD /* Localizable.strings in Resources */ = {isa = PBXBuildFile; fileRef = A927480C2A168F1600C292AD /* Localizable.strings */; };
		A927480F2A16908700C292AD /* Text+Extension.swift in Sources */ = {isa = PBXBuildFile; fileRef = A927480E2A16908700C292AD /* Text+Extension.swift */; };
		A92748142A16A36C00C292AD /* LandMarkModel.swift in Sources */ = {isa = PBXBuildFile; fileRef = A92748132A16A36C00C292AD /* LandMarkModel.swift */; };
		A96CB2962A16CB5800488CDA /* AnnotationView.swift in Sources */ = {isa = PBXBuildFile; fileRef = A96CB2952A16CB5800488CDA /* AnnotationView.swift */; };
/* End PBXBuildFile section */

/* Begin PBXContainerItemProxy section */
		671082222A13A5CE00663B32 /* PBXContainerItemProxy */ = {
			isa = PBXContainerItemProxy;
			containerPortal = 671082082A13A5CB00663B32 /* Project object */;
			proxyType = 1;
			remoteGlobalIDString = 6710820F2A13A5CB00663B32;
			remoteInfo = DynamicSource_iOS;
		};
		6710822C2A13A5CE00663B32 /* PBXContainerItemProxy */ = {
			isa = PBXContainerItemProxy;
			containerPortal = 671082082A13A5CB00663B32 /* Project object */;
			proxyType = 1;
			remoteGlobalIDString = 6710820F2A13A5CB00663B32;
			remoteInfo = DynamicSource_iOS;
		};
/* End PBXContainerItemProxy section */

/* Begin PBXFileReference section */
		671082102A13A5CB00663B32 /* DynamicSource_iOS.app */ = {isa = PBXFileReference; explicitFileType = wrapper.application; includeInIndex = 0; path = DynamicSource_iOS.app; sourceTree = BUILT_PRODUCTS_DIR; };
		671082132A13A5CB00663B32 /* DynamicSource_iOSApp.swift */ = {isa = PBXFileReference; lastKnownFileType = sourcecode.swift; path = DynamicSource_iOSApp.swift; sourceTree = "<group>"; };
		671082152A13A5CB00663B32 /* ContentView.swift */ = {isa = PBXFileReference; lastKnownFileType = sourcecode.swift; path = ContentView.swift; sourceTree = "<group>"; };
		671082172A13A5CE00663B32 /* Assets.xcassets */ = {isa = PBXFileReference; lastKnownFileType = folder.assetcatalog; path = Assets.xcassets; sourceTree = "<group>"; };
		671082192A13A5CE00663B32 /* DynamicSource_iOS.entitlements */ = {isa = PBXFileReference; lastKnownFileType = text.plist.entitlements; path = DynamicSource_iOS.entitlements; sourceTree = "<group>"; };
		6710821B2A13A5CE00663B32 /* Preview Assets.xcassets */ = {isa = PBXFileReference; lastKnownFileType = folder.assetcatalog; path = "Preview Assets.xcassets"; sourceTree = "<group>"; };
		671082212A13A5CE00663B32 /* DynamicSource_iOSTests.xctest */ = {isa = PBXFileReference; explicitFileType = wrapper.cfbundle; includeInIndex = 0; path = DynamicSource_iOSTests.xctest; sourceTree = BUILT_PRODUCTS_DIR; };
		671082252A13A5CE00663B32 /* DynamicSource_iOSTests.swift */ = {isa = PBXFileReference; lastKnownFileType = sourcecode.swift; path = DynamicSource_iOSTests.swift; sourceTree = "<group>"; };
		6710822B2A13A5CE00663B32 /* DynamicSource_iOSUITests.xctest */ = {isa = PBXFileReference; explicitFileType = wrapper.cfbundle; includeInIndex = 0; path = DynamicSource_iOSUITests.xctest; sourceTree = BUILT_PRODUCTS_DIR; };
		6710822F2A13A5CE00663B32 /* DynamicSource_iOSUITests.swift */ = {isa = PBXFileReference; lastKnownFileType = sourcecode.swift; path = DynamicSource_iOSUITests.swift; sourceTree = "<group>"; };
		671082312A13A5CE00663B32 /* DynamicSource_iOSUITestsLaunchTests.swift */ = {isa = PBXFileReference; lastKnownFileType = sourcecode.swift; path = DynamicSource_iOSUITestsLaunchTests.swift; sourceTree = "<group>"; };
		6710823E2A13A5F600663B32 /* ResponseModel.swift */ = {isa = PBXFileReference; lastKnownFileType = sourcecode.swift; path = ResponseModel.swift; sourceTree = "<group>"; };
		671082442A13B14B00663B32 /* View+Extension.swift */ = {isa = PBXFileReference; lastKnownFileType = sourcecode.swift; path = "View+Extension.swift"; sourceTree = "<group>"; };
		671082462A13C12100663B32 /* MapViewModel.swift */ = {isa = PBXFileReference; lastKnownFileType = sourcecode.swift; path = MapViewModel.swift; sourceTree = "<group>"; };
		671082482A13C1A900663B32 /* epwa_example_incomplete.json */ = {isa = PBXFileReference; fileEncoding = 4; lastKnownFileType = text.json; path = epwa_example_incomplete.json; sourceTree = "<group>"; };
		679B726A2A162E4200546F2B /* Optional+Extension.swift */ = {isa = PBXFileReference; lastKnownFileType = sourcecode.swift; path = "Optional+Extension.swift"; sourceTree = "<group>"; };
		A92748062A166E1D00C292AD /* MapView.swift */ = {isa = PBXFileReference; lastKnownFileType = sourcecode.swift; path = MapView.swift; sourceTree = "<group>"; };
		A927480B2A168F1600C292AD /* en */ = {isa = PBXFileReference; lastKnownFileType = text.plist.strings; name = en; path = en.lproj/Localizable.strings; sourceTree = "<group>"; };
		A927480D2A168F1800C292AD /* sv */ = {isa = PBXFileReference; lastKnownFileType = text.plist.strings; name = sv; path = sv.lproj/Localizable.strings; sourceTree = "<group>"; };
		A927480E2A16908700C292AD /* Text+Extension.swift */ = {isa = PBXFileReference; lastKnownFileType = sourcecode.swift; path = "Text+Extension.swift"; sourceTree = "<group>"; };
		A92748132A16A36C00C292AD /* LandMarkModel.swift */ = {isa = PBXFileReference; lastKnownFileType = sourcecode.swift; path = LandMarkModel.swift; sourceTree = "<group>"; };
		A96CB2952A16CB5800488CDA /* AnnotationView.swift */ = {isa = PBXFileReference; lastKnownFileType = sourcecode.swift; path = AnnotationView.swift; sourceTree = "<group>"; };
/* End PBXFileReference section */

/* Begin PBXFrameworksBuildPhase section */
		6710820D2A13A5CB00663B32 /* Frameworks */ = {
			isa = PBXFrameworksBuildPhase;
			buildActionMask = 2147483647;
			files = (
			);
			runOnlyForDeploymentPostprocessing = 0;
		};
		6710821E2A13A5CE00663B32 /* Frameworks */ = {
			isa = PBXFrameworksBuildPhase;
			buildActionMask = 2147483647;
			files = (
			);
			runOnlyForDeploymentPostprocessing = 0;
		};
		671082282A13A5CE00663B32 /* Frameworks */ = {
			isa = PBXFrameworksBuildPhase;
			buildActionMask = 2147483647;
			files = (
			);
			runOnlyForDeploymentPostprocessing = 0;
		};
/* End PBXFrameworksBuildPhase section */

/* Begin PBXGroup section */
		671082072A13A5CB00663B32 = {
			isa = PBXGroup;
			children = (
				671082122A13A5CB00663B32 /* DynamicSource_iOS */,
				671082242A13A5CE00663B32 /* DynamicSource_iOSTests */,
				6710822E2A13A5CE00663B32 /* DynamicSource_iOSUITests */,
				671082112A13A5CB00663B32 /* Products */,
			);
			sourceTree = "<group>";
		};
		671082112A13A5CB00663B32 /* Products */ = {
			isa = PBXGroup;
			children = (
				671082102A13A5CB00663B32 /* DynamicSource_iOS.app */,
				671082212A13A5CE00663B32 /* DynamicSource_iOSTests.xctest */,
				6710822B2A13A5CE00663B32 /* DynamicSource_iOSUITests.xctest */,
			);
			name = Products;
			sourceTree = "<group>";
		};
		671082122A13A5CB00663B32 /* DynamicSource_iOS */ = {
			isa = PBXGroup;
			children = (
				671082192A13A5CE00663B32 /* DynamicSource_iOS.entitlements */,
				671082172A13A5CE00663B32 /* Assets.xcassets */,
				6710821A2A13A5CE00663B32 /* Preview Content */,
				A927480C2A168F1600C292AD /* Localizable.strings */,
				671082132A13A5CB00663B32 /* DynamicSource_iOSApp.swift */,
				A92748182A16A3D200C292AD /* ViewModel */,
				A92748122A16A35800C292AD /* Model */,
				671082432A13B13E00663B32 /* Extensions */,
				671082402A13A76400663B32 /* Views */,
			);
			path = DynamicSource_iOS;
			sourceTree = "<group>";
		};
		6710821A2A13A5CE00663B32 /* Preview Content */ = {
			isa = PBXGroup;
			children = (
				6710821B2A13A5CE00663B32 /* Preview Assets.xcassets */,
			);
			path = "Preview Content";
			sourceTree = "<group>";
		};
		671082242A13A5CE00663B32 /* DynamicSource_iOSTests */ = {
			isa = PBXGroup;
			children = (
				671082252A13A5CE00663B32 /* DynamicSource_iOSTests.swift */,
			);
			path = DynamicSource_iOSTests;
			sourceTree = "<group>";
		};
		6710822E2A13A5CE00663B32 /* DynamicSource_iOSUITests */ = {
			isa = PBXGroup;
			children = (
				6710822F2A13A5CE00663B32 /* DynamicSource_iOSUITests.swift */,
				671082312A13A5CE00663B32 /* DynamicSource_iOSUITestsLaunchTests.swift */,
			);
			path = DynamicSource_iOSUITests;
			sourceTree = "<group>";
		};
		671082402A13A76400663B32 /* Views */ = {
			isa = PBXGroup;
			children = (
				671082152A13A5CB00663B32 /* ContentView.swift */,
				A92748062A166E1D00C292AD /* MapView.swift */,
				A96CB2952A16CB5800488CDA /* AnnotationView.swift */,
			);
			path = Views;
			sourceTree = "<group>";
		};
		671082432A13B13E00663B32 /* Extensions */ = {
			isa = PBXGroup;
			children = (
				671082442A13B14B00663B32 /* View+Extension.swift */,
				679B726A2A162E4200546F2B /* Optional+Extension.swift */,
				A927480E2A16908700C292AD /* Text+Extension.swift */,
			);
			path = Extensions;
			sourceTree = "<group>";
		};
		A92748122A16A35800C292AD /* Model */ = {
			isa = PBXGroup;
			children = (
				671082482A13C1A900663B32 /* epwa_example_incomplete.json */,
				A92748132A16A36C00C292AD /* LandMarkModel.swift */,
				6710823E2A13A5F600663B32 /* ResponseModel.swift */,
			);
			path = Model;
			sourceTree = "<group>";
		};
		A92748182A16A3D200C292AD /* ViewModel */ = {
			isa = PBXGroup;
			children = (
				671082462A13C12100663B32 /* MapViewModel.swift */,
			);
			path = ViewModel;
			sourceTree = "<group>";
		};
/* End PBXGroup section */

/* Begin PBXNativeTarget section */
		6710820F2A13A5CB00663B32 /* DynamicSource_iOS */ = {
			isa = PBXNativeTarget;
			buildConfigurationList = 671082352A13A5CE00663B32 /* Build configuration list for PBXNativeTarget "DynamicSource_iOS" */;
			buildPhases = (
				6710820C2A13A5CB00663B32 /* Sources */,
				6710820D2A13A5CB00663B32 /* Frameworks */,
				6710820E2A13A5CB00663B32 /* Resources */,
			);
			buildRules = (
			);
			dependencies = (
			);
			name = DynamicSource_iOS;
			productName = DynamicSource_iOS;
			productReference = 671082102A13A5CB00663B32 /* DynamicSource_iOS.app */;
			productType = "com.apple.product-type.application";
		};
		671082202A13A5CE00663B32 /* DynamicSource_iOSTests */ = {
			isa = PBXNativeTarget;
			buildConfigurationList = 671082382A13A5CE00663B32 /* Build configuration list for PBXNativeTarget "DynamicSource_iOSTests" */;
			buildPhases = (
				6710821D2A13A5CE00663B32 /* Sources */,
				6710821E2A13A5CE00663B32 /* Frameworks */,
				6710821F2A13A5CE00663B32 /* Resources */,
			);
			buildRules = (
			);
			dependencies = (
				671082232A13A5CE00663B32 /* PBXTargetDependency */,
			);
			name = DynamicSource_iOSTests;
			productName = DynamicSource_iOSTests;
			productReference = 671082212A13A5CE00663B32 /* DynamicSource_iOSTests.xctest */;
			productType = "com.apple.product-type.bundle.unit-test";
		};
		6710822A2A13A5CE00663B32 /* DynamicSource_iOSUITests */ = {
			isa = PBXNativeTarget;
			buildConfigurationList = 6710823B2A13A5CE00663B32 /* Build configuration list for PBXNativeTarget "DynamicSource_iOSUITests" */;
			buildPhases = (
				671082272A13A5CE00663B32 /* Sources */,
				671082282A13A5CE00663B32 /* Frameworks */,
				671082292A13A5CE00663B32 /* Resources */,
			);
			buildRules = (
			);
			dependencies = (
				6710822D2A13A5CE00663B32 /* PBXTargetDependency */,
			);
			name = DynamicSource_iOSUITests;
			productName = DynamicSource_iOSUITests;
			productReference = 6710822B2A13A5CE00663B32 /* DynamicSource_iOSUITests.xctest */;
			productType = "com.apple.product-type.bundle.ui-testing";
		};
/* End PBXNativeTarget section */

/* Begin PBXProject section */
		671082082A13A5CB00663B32 /* Project object */ = {
			isa = PBXProject;
			attributes = {
				BuildIndependentTargetsInParallel = 1;
				LastSwiftUpdateCheck = 1420;
				LastUpgradeCheck = 1420;
				TargetAttributes = {
					6710820F2A13A5CB00663B32 = {
						CreatedOnToolsVersion = 14.2;
					};
					671082202A13A5CE00663B32 = {
						CreatedOnToolsVersion = 14.2;
						TestTargetID = 6710820F2A13A5CB00663B32;
					};
					6710822A2A13A5CE00663B32 = {
						CreatedOnToolsVersion = 14.2;
						TestTargetID = 6710820F2A13A5CB00663B32;
					};
				};
			};
			buildConfigurationList = 6710820B2A13A5CB00663B32 /* Build configuration list for PBXProject "DynamicSource_iOS" */;
			compatibilityVersion = "Xcode 14.0";
			developmentRegion = en;
			hasScannedForEncodings = 0;
			knownRegions = (
				en,
				Base,
				sv,
			);
			mainGroup = 671082072A13A5CB00663B32;
			productRefGroup = 671082112A13A5CB00663B32 /* Products */;
			projectDirPath = "";
			projectRoot = "";
			targets = (
				6710820F2A13A5CB00663B32 /* DynamicSource_iOS */,
				671082202A13A5CE00663B32 /* DynamicSource_iOSTests */,
				6710822A2A13A5CE00663B32 /* DynamicSource_iOSUITests */,
			);
		};
/* End PBXProject section */

/* Begin PBXResourcesBuildPhase section */
		6710820E2A13A5CB00663B32 /* Resources */ = {
			isa = PBXResourcesBuildPhase;
			buildActionMask = 2147483647;
			files = (
				6710821C2A13A5CE00663B32 /* Preview Assets.xcassets in Resources */,
				A927480A2A168F1600C292AD /* Localizable.strings in Resources */,
				671082182A13A5CE00663B32 /* Assets.xcassets in Resources */,
				671082492A13C1A900663B32 /* epwa_example_incomplete.json in Resources */,
			);
			runOnlyForDeploymentPostprocessing = 0;
		};
		6710821F2A13A5CE00663B32 /* Resources */ = {
			isa = PBXResourcesBuildPhase;
			buildActionMask = 2147483647;
			files = (
			);
			runOnlyForDeploymentPostprocessing = 0;
		};
		671082292A13A5CE00663B32 /* Resources */ = {
			isa = PBXResourcesBuildPhase;
			buildActionMask = 2147483647;
			files = (
			);
			runOnlyForDeploymentPostprocessing = 0;
		};
/* End PBXResourcesBuildPhase section */

/* Begin PBXSourcesBuildPhase section */
		6710820C2A13A5CB00663B32 /* Sources */ = {
			isa = PBXSourcesBuildPhase;
			buildActionMask = 2147483647;
			files = (
				671082162A13A5CB00663B32 /* ContentView.swift in Sources */,
				A92748072A166E1D00C292AD /* MapView.swift in Sources */,
				671082452A13B14B00663B32 /* View+Extension.swift in Sources */,
				679B726B2A162E4200546F2B /* Optional+Extension.swift in Sources */,
				A927480F2A16908700C292AD /* Text+Extension.swift in Sources */,
				6710823F2A13A5F600663B32 /* ResponseModel.swift in Sources */,
				A92748142A16A36C00C292AD /* LandMarkModel.swift in Sources */,
				A96CB2962A16CB5800488CDA /* AnnotationView.swift in Sources */,
				671082142A13A5CB00663B32 /* DynamicSource_iOSApp.swift in Sources */,
				671082472A13C12100663B32 /* MapViewModel.swift in Sources */,
			);
			runOnlyForDeploymentPostprocessing = 0;
		};
		6710821D2A13A5CE00663B32 /* Sources */ = {
			isa = PBXSourcesBuildPhase;
			buildActionMask = 2147483647;
			files = (
				671082262A13A5CE00663B32 /* DynamicSource_iOSTests.swift in Sources */,
			);
			runOnlyForDeploymentPostprocessing = 0;
		};
		671082272A13A5CE00663B32 /* Sources */ = {
			isa = PBXSourcesBuildPhase;
			buildActionMask = 2147483647;
			files = (
				671082302A13A5CE00663B32 /* DynamicSource_iOSUITests.swift in Sources */,
				671082322A13A5CE00663B32 /* DynamicSource_iOSUITestsLaunchTests.swift in Sources */,
			);
			runOnlyForDeploymentPostprocessing = 0;
		};
/* End PBXSourcesBuildPhase section */

/* Begin PBXTargetDependency section */
		671082232A13A5CE00663B32 /* PBXTargetDependency */ = {
			isa = PBXTargetDependency;
			target = 6710820F2A13A5CB00663B32 /* DynamicSource_iOS */;
			targetProxy = 671082222A13A5CE00663B32 /* PBXContainerItemProxy */;
		};
		6710822D2A13A5CE00663B32 /* PBXTargetDependency */ = {
			isa = PBXTargetDependency;
			target = 6710820F2A13A5CB00663B32 /* DynamicSource_iOS */;
			targetProxy = 6710822C2A13A5CE00663B32 /* PBXContainerItemProxy */;
		};
/* End PBXTargetDependency section */

/* Begin PBXVariantGroup section */
		A927480C2A168F1600C292AD /* Localizable.strings */ = {
			isa = PBXVariantGroup;
			children = (
				A927480B2A168F1600C292AD /* en */,
				A927480D2A168F1800C292AD /* sv */,
			);
			name = Localizable.strings;
			sourceTree = "<group>";
		};
/* End PBXVariantGroup section */

/* Begin XCBuildConfiguration section */
		671082332A13A5CE00663B32 /* Debug */ = {
			isa = XCBuildConfiguration;
			buildSettings = {
				ALWAYS_SEARCH_USER_PATHS = NO;
				CLANG_ANALYZER_NONNULL = YES;
				CLANG_ANALYZER_NUMBER_OBJECT_CONVERSION = YES_AGGRESSIVE;
				CLANG_CXX_LANGUAGE_STANDARD = "gnu++20";
				CLANG_ENABLE_MODULES = YES;
				CLANG_ENABLE_OBJC_ARC = YES;
				CLANG_ENABLE_OBJC_WEAK = YES;
				CLANG_WARN_BLOCK_CAPTURE_AUTORELEASING = YES;
				CLANG_WARN_BOOL_CONVERSION = YES;
				CLANG_WARN_COMMA = YES;
				CLANG_WARN_CONSTANT_CONVERSION = YES;
				CLANG_WARN_DEPRECATED_OBJC_IMPLEMENTATIONS = YES;
				CLANG_WARN_DIRECT_OBJC_ISA_USAGE = YES_ERROR;
				CLANG_WARN_DOCUMENTATION_COMMENTS = YES;
				CLANG_WARN_EMPTY_BODY = YES;
				CLANG_WARN_ENUM_CONVERSION = YES;
				CLANG_WARN_INFINITE_RECURSION = YES;
				CLANG_WARN_INT_CONVERSION = YES;
				CLANG_WARN_NON_LITERAL_NULL_CONVERSION = YES;
				CLANG_WARN_OBJC_IMPLICIT_RETAIN_SELF = YES;
				CLANG_WARN_OBJC_LITERAL_CONVERSION = YES;
				CLANG_WARN_OBJC_ROOT_CLASS = YES_ERROR;
				CLANG_WARN_QUOTED_INCLUDE_IN_FRAMEWORK_HEADER = YES;
				CLANG_WARN_RANGE_LOOP_ANALYSIS = YES;
				CLANG_WARN_STRICT_PROTOTYPES = YES;
				CLANG_WARN_SUSPICIOUS_MOVE = YES;
				CLANG_WARN_UNGUARDED_AVAILABILITY = YES_AGGRESSIVE;
				CLANG_WARN_UNREACHABLE_CODE = YES;
				CLANG_WARN__DUPLICATE_METHOD_MATCH = YES;
				COPY_PHASE_STRIP = NO;
				DEBUG_INFORMATION_FORMAT = dwarf;
				ENABLE_STRICT_OBJC_MSGSEND = YES;
				ENABLE_TESTABILITY = YES;
				GCC_C_LANGUAGE_STANDARD = gnu11;
				GCC_DYNAMIC_NO_PIC = NO;
				GCC_NO_COMMON_BLOCKS = YES;
				GCC_OPTIMIZATION_LEVEL = 0;
				GCC_PREPROCESSOR_DEFINITIONS = (
					"DEBUG=1",
					"$(inherited)",
				);
				GCC_WARN_64_TO_32_BIT_CONVERSION = YES;
				GCC_WARN_ABOUT_RETURN_TYPE = YES_ERROR;
				GCC_WARN_UNDECLARED_SELECTOR = YES;
				GCC_WARN_UNINITIALIZED_AUTOS = YES_AGGRESSIVE;
				GCC_WARN_UNUSED_FUNCTION = YES;
				GCC_WARN_UNUSED_VARIABLE = YES;
				IPHONEOS_DEPLOYMENT_TARGET = 15.0;
				MTL_ENABLE_DEBUG_INFO = INCLUDE_SOURCE;
				MTL_FAST_MATH = YES;
				ONLY_ACTIVE_ARCH = YES;
				SWIFT_ACTIVE_COMPILATION_CONDITIONS = DEBUG;
				SWIFT_OPTIMIZATION_LEVEL = "-Onone";
			};
			name = Debug;
		};
		671082342A13A5CE00663B32 /* Release */ = {
			isa = XCBuildConfiguration;
			buildSettings = {
				ALWAYS_SEARCH_USER_PATHS = NO;
				CLANG_ANALYZER_NONNULL = YES;
				CLANG_ANALYZER_NUMBER_OBJECT_CONVERSION = YES_AGGRESSIVE;
				CLANG_CXX_LANGUAGE_STANDARD = "gnu++20";
				CLANG_ENABLE_MODULES = YES;
				CLANG_ENABLE_OBJC_ARC = YES;
				CLANG_ENABLE_OBJC_WEAK = YES;
				CLANG_WARN_BLOCK_CAPTURE_AUTORELEASING = YES;
				CLANG_WARN_BOOL_CONVERSION = YES;
				CLANG_WARN_COMMA = YES;
				CLANG_WARN_CONSTANT_CONVERSION = YES;
				CLANG_WARN_DEPRECATED_OBJC_IMPLEMENTATIONS = YES;
				CLANG_WARN_DIRECT_OBJC_ISA_USAGE = YES_ERROR;
				CLANG_WARN_DOCUMENTATION_COMMENTS = YES;
				CLANG_WARN_EMPTY_BODY = YES;
				CLANG_WARN_ENUM_CONVERSION = YES;
				CLANG_WARN_INFINITE_RECURSION = YES;
				CLANG_WARN_INT_CONVERSION = YES;
				CLANG_WARN_NON_LITERAL_NULL_CONVERSION = YES;
				CLANG_WARN_OBJC_IMPLICIT_RETAIN_SELF = YES;
				CLANG_WARN_OBJC_LITERAL_CONVERSION = YES;
				CLANG_WARN_OBJC_ROOT_CLASS = YES_ERROR;
				CLANG_WARN_QUOTED_INCLUDE_IN_FRAMEWORK_HEADER = YES;
				CLANG_WARN_RANGE_LOOP_ANALYSIS = YES;
				CLANG_WARN_STRICT_PROTOTYPES = YES;
				CLANG_WARN_SUSPICIOUS_MOVE = YES;
				CLANG_WARN_UNGUARDED_AVAILABILITY = YES_AGGRESSIVE;
				CLANG_WARN_UNREACHABLE_CODE = YES;
				CLANG_WARN__DUPLICATE_METHOD_MATCH = YES;
				COPY_PHASE_STRIP = NO;
				DEBUG_INFORMATION_FORMAT = "dwarf-with-dsym";
				ENABLE_NS_ASSERTIONS = NO;
				ENABLE_STRICT_OBJC_MSGSEND = YES;
				GCC_C_LANGUAGE_STANDARD = gnu11;
				GCC_NO_COMMON_BLOCKS = YES;
				GCC_WARN_64_TO_32_BIT_CONVERSION = YES;
				GCC_WARN_ABOUT_RETURN_TYPE = YES_ERROR;
				GCC_WARN_UNDECLARED_SELECTOR = YES;
				GCC_WARN_UNINITIALIZED_AUTOS = YES_AGGRESSIVE;
				GCC_WARN_UNUSED_FUNCTION = YES;
				GCC_WARN_UNUSED_VARIABLE = YES;
				IPHONEOS_DEPLOYMENT_TARGET = 15.0;
				MTL_ENABLE_DEBUG_INFO = NO;
				MTL_FAST_MATH = YES;
				SWIFT_COMPILATION_MODE = wholemodule;
				SWIFT_OPTIMIZATION_LEVEL = "-O";
			};
			name = Release;
		};
		671082362A13A5CE00663B32 /* Debug */ = {
			isa = XCBuildConfiguration;
			buildSettings = {
				ASSETCATALOG_COMPILER_APPICON_NAME = AppIcon;
				ASSETCATALOG_COMPILER_GLOBAL_ACCENT_COLOR_NAME = AccentColor;
				CODE_SIGN_ENTITLEMENTS = DynamicSource_iOS/DynamicSource_iOS.entitlements;
				CODE_SIGN_STYLE = Automatic;
				CURRENT_PROJECT_VERSION = 1;
				DEVELOPMENT_ASSET_PATHS = "\"DynamicSource_iOS/Preview Content\"";
				DEVELOPMENT_TEAM = N6GL6JZ5NB;
				ENABLE_HARDENED_RUNTIME = YES;
				ENABLE_PREVIEWS = YES;
				GENERATE_INFOPLIST_FILE = YES;
				"INFOPLIST_KEY_UIApplicationSceneManifest_Generation[sdk=iphoneos*]" = YES;
				"INFOPLIST_KEY_UIApplicationSceneManifest_Generation[sdk=iphonesimulator*]" = YES;
				"INFOPLIST_KEY_UIApplicationSupportsIndirectInputEvents[sdk=iphoneos*]" = YES;
				"INFOPLIST_KEY_UIApplicationSupportsIndirectInputEvents[sdk=iphonesimulator*]" = YES;
				"INFOPLIST_KEY_UILaunchScreen_Generation[sdk=iphoneos*]" = YES;
				"INFOPLIST_KEY_UILaunchScreen_Generation[sdk=iphonesimulator*]" = YES;
				"INFOPLIST_KEY_UIStatusBarStyle[sdk=iphoneos*]" = UIStatusBarStyleDefault;
				"INFOPLIST_KEY_UIStatusBarStyle[sdk=iphonesimulator*]" = UIStatusBarStyleDefault;
				INFOPLIST_KEY_UISupportedInterfaceOrientations_iPad = "UIInterfaceOrientationPortrait UIInterfaceOrientationPortraitUpsideDown UIInterfaceOrientationLandscapeLeft UIInterfaceOrientationLandscapeRight";
				INFOPLIST_KEY_UISupportedInterfaceOrientations_iPhone = "UIInterfaceOrientationPortrait UIInterfaceOrientationLandscapeLeft UIInterfaceOrientationLandscapeRight";
				IPHONEOS_DEPLOYMENT_TARGET = 15.0;
				LD_RUNPATH_SEARCH_PATHS = "@executable_path/Frameworks";
				"LD_RUNPATH_SEARCH_PATHS[sdk=macosx*]" = "@executable_path/../Frameworks";
				MACOSX_DEPLOYMENT_TARGET = 12.5;
				MARKETING_VERSION = 1.0;
				PRODUCT_BUNDLE_IDENTIFIER = "hasan.dag.DynamicSource-iOS";
				PRODUCT_NAME = "$(TARGET_NAME)";
				SDKROOT = auto;
				SUPPORTED_PLATFORMS = "iphoneos iphonesimulator";
				SUPPORTS_MACCATALYST = NO;
				SUPPORTS_MAC_DESIGNED_FOR_IPHONE_IPAD = NO;
				SWIFT_EMIT_LOC_STRINGS = YES;
				SWIFT_VERSION = 5.0;
				TARGETED_DEVICE_FAMILY = "1,2";
			};
			name = Debug;
		};
		671082372A13A5CE00663B32 /* Release */ = {
			isa = XCBuildConfiguration;
			buildSettings = {
				ASSETCATALOG_COMPILER_APPICON_NAME = AppIcon;
				ASSETCATALOG_COMPILER_GLOBAL_ACCENT_COLOR_NAME = AccentColor;
				CODE_SIGN_ENTITLEMENTS = DynamicSource_iOS/DynamicSource_iOS.entitlements;
				CODE_SIGN_STYLE = Automatic;
				CURRENT_PROJECT_VERSION = 1;
				DEVELOPMENT_ASSET_PATHS = "\"DynamicSource_iOS/Preview Content\"";
				DEVELOPMENT_TEAM = N6GL6JZ5NB;
				ENABLE_HARDENED_RUNTIME = YES;
				ENABLE_PREVIEWS = YES;
				GENERATE_INFOPLIST_FILE = YES;
				"INFOPLIST_KEY_UIApplicationSceneManifest_Generation[sdk=iphoneos*]" = YES;
				"INFOPLIST_KEY_UIApplicationSceneManifest_Generation[sdk=iphonesimulator*]" = YES;
				"INFOPLIST_KEY_UIApplicationSupportsIndirectInputEvents[sdk=iphoneos*]" = YES;
				"INFOPLIST_KEY_UIApplicationSupportsIndirectInputEvents[sdk=iphonesimulator*]" = YES;
				"INFOPLIST_KEY_UILaunchScreen_Generation[sdk=iphoneos*]" = YES;
				"INFOPLIST_KEY_UILaunchScreen_Generation[sdk=iphonesimulator*]" = YES;
				"INFOPLIST_KEY_UIStatusBarStyle[sdk=iphoneos*]" = UIStatusBarStyleDefault;
				"INFOPLIST_KEY_UIStatusBarStyle[sdk=iphonesimulator*]" = UIStatusBarStyleDefault;
				INFOPLIST_KEY_UISupportedInterfaceOrientations_iPad = "UIInterfaceOrientationPortrait UIInterfaceOrientationPortraitUpsideDown UIInterfaceOrientationLandscapeLeft UIInterfaceOrientationLandscapeRight";
				INFOPLIST_KEY_UISupportedInterfaceOrientations_iPhone = "UIInterfaceOrientationPortrait UIInterfaceOrientationLandscapeLeft UIInterfaceOrientationLandscapeRight";
				IPHONEOS_DEPLOYMENT_TARGET = 15.0;
				LD_RUNPATH_SEARCH_PATHS = "@executable_path/Frameworks";
				"LD_RUNPATH_SEARCH_PATHS[sdk=macosx*]" = "@executable_path/../Frameworks";
				MACOSX_DEPLOYMENT_TARGET = 12.5;
				MARKETING_VERSION = 1.0;
				PRODUCT_BUNDLE_IDENTIFIER = "hasan.dag.DynamicSource-iOS";
				PRODUCT_NAME = "$(TARGET_NAME)";
				SDKROOT = auto;
				SUPPORTED_PLATFORMS = "iphoneos iphonesimulator";
				SUPPORTS_MACCATALYST = NO;
				SUPPORTS_MAC_DESIGNED_FOR_IPHONE_IPAD = NO;
				SWIFT_EMIT_LOC_STRINGS = YES;
				SWIFT_VERSION = 5.0;
				TARGETED_DEVICE_FAMILY = "1,2";
			};
			name = Release;
		};
		671082392A13A5CE00663B32 /* Debug */ = {
			isa = XCBuildConfiguration;
			buildSettings = {
				ALWAYS_EMBED_SWIFT_STANDARD_LIBRARIES = YES;
				BUNDLE_LOADER = "$(TEST_HOST)";
				CODE_SIGN_STYLE = Automatic;
				CURRENT_PROJECT_VERSION = 1;
				DEVELOPMENT_TEAM = N6GL6JZ5NB;
				GENERATE_INFOPLIST_FILE = YES;
				IPHONEOS_DEPLOYMENT_TARGET = 16.2;
				MACOSX_DEPLOYMENT_TARGET = 12.5;
				MARKETING_VERSION = 1.0;
				PRODUCT_BUNDLE_IDENTIFIER = "hasan.dag.DynamicSource-iOSTests";
				PRODUCT_NAME = "$(TARGET_NAME)";
				SDKROOT = auto;
				SUPPORTED_PLATFORMS = "iphoneos iphonesimulator macosx";
				SWIFT_EMIT_LOC_STRINGS = NO;
				SWIFT_VERSION = 5.0;
				TARGETED_DEVICE_FAMILY = "1,2";
				TEST_HOST = "$(BUILT_PRODUCTS_DIR)/DynamicSource_iOS.app/$(BUNDLE_EXECUTABLE_FOLDER_PATH)/DynamicSource_iOS";
			};
			name = Debug;
		};
		6710823A2A13A5CE00663B32 /* Release */ = {
			isa = XCBuildConfiguration;
			buildSettings = {
				ALWAYS_EMBED_SWIFT_STANDARD_LIBRARIES = YES;
				BUNDLE_LOADER = "$(TEST_HOST)";
				CODE_SIGN_STYLE = Automatic;
				CURRENT_PROJECT_VERSION = 1;
				DEVELOPMENT_TEAM = N6GL6JZ5NB;
				GENERATE_INFOPLIST_FILE = YES;
				IPHONEOS_DEPLOYMENT_TARGET = 16.2;
				MACOSX_DEPLOYMENT_TARGET = 12.5;
				MARKETING_VERSION = 1.0;
				PRODUCT_BUNDLE_IDENTIFIER = "hasan.dag.DynamicSource-iOSTests";
				PRODUCT_NAME = "$(TARGET_NAME)";
				SDKROOT = auto;
				SUPPORTED_PLATFORMS = "iphoneos iphonesimulator macosx";
				SWIFT_EMIT_LOC_STRINGS = NO;
				SWIFT_VERSION = 5.0;
				TARGETED_DEVICE_FAMILY = "1,2";
				TEST_HOST = "$(BUILT_PRODUCTS_DIR)/DynamicSource_iOS.app/$(BUNDLE_EXECUTABLE_FOLDER_PATH)/DynamicSource_iOS";
			};
			name = Release;
		};
		6710823C2A13A5CE00663B32 /* Debug */ = {
			isa = XCBuildConfiguration;
			buildSettings = {
				ALWAYS_EMBED_SWIFT_STANDARD_LIBRARIES = YES;
				CODE_SIGN_STYLE = Automatic;
				CURRENT_PROJECT_VERSION = 1;
				DEVELOPMENT_TEAM = N6GL6JZ5NB;
				GENERATE_INFOPLIST_FILE = YES;
				IPHONEOS_DEPLOYMENT_TARGET = 16.2;
				MACOSX_DEPLOYMENT_TARGET = 12.5;
				MARKETING_VERSION = 1.0;
				PRODUCT_BUNDLE_IDENTIFIER = "hasan.dag.DynamicSource-iOSUITests";
				PRODUCT_NAME = "$(TARGET_NAME)";
				SDKROOT = auto;
				SUPPORTED_PLATFORMS = "iphoneos iphonesimulator macosx";
				SWIFT_EMIT_LOC_STRINGS = NO;
				SWIFT_VERSION = 5.0;
				TARGETED_DEVICE_FAMILY = "1,2";
				TEST_TARGET_NAME = DynamicSource_iOS;
			};
			name = Debug;
		};
		6710823D2A13A5CE00663B32 /* Release */ = {
			isa = XCBuildConfiguration;
			buildSettings = {
				ALWAYS_EMBED_SWIFT_STANDARD_LIBRARIES = YES;
				CODE_SIGN_STYLE = Automatic;
				CURRENT_PROJECT_VERSION = 1;
				DEVELOPMENT_TEAM = N6GL6JZ5NB;
				GENERATE_INFOPLIST_FILE = YES;
				IPHONEOS_DEPLOYMENT_TARGET = 16.2;
				MACOSX_DEPLOYMENT_TARGET = 12.5;
				MARKETING_VERSION = 1.0;
				PRODUCT_BUNDLE_IDENTIFIER = "hasan.dag.DynamicSource-iOSUITests";
				PRODUCT_NAME = "$(TARGET_NAME)";
				SDKROOT = auto;
				SUPPORTED_PLATFORMS = "iphoneos iphonesimulator macosx";
				SWIFT_EMIT_LOC_STRINGS = NO;
				SWIFT_VERSION = 5.0;
				TARGETED_DEVICE_FAMILY = "1,2";
				TEST_TARGET_NAME = DynamicSource_iOS;
			};
			name = Release;
		};
/* End XCBuildConfiguration section */

/* Begin XCConfigurationList section */
		6710820B2A13A5CB00663B32 /* Build configuration list for PBXProject "DynamicSource_iOS" */ = {
			isa = XCConfigurationList;
			buildConfigurations = (
				671082332A13A5CE00663B32 /* Debug */,
				671082342A13A5CE00663B32 /* Release */,
			);
			defaultConfigurationIsVisible = 0;
			defaultConfigurationName = Release;
		};
		671082352A13A5CE00663B32 /* Build configuration list for PBXNativeTarget "DynamicSource_iOS" */ = {
			isa = XCConfigurationList;
			buildConfigurations = (
				671082362A13A5CE00663B32 /* Debug */,
				671082372A13A5CE00663B32 /* Release */,
			);
			defaultConfigurationIsVisible = 0;
			defaultConfigurationName = Release;
		};
		671082382A13A5CE00663B32 /* Build configuration list for PBXNativeTarget "DynamicSource_iOSTests" */ = {
			isa = XCConfigurationList;
			buildConfigurations = (
				671082392A13A5CE00663B32 /* Debug */,
				6710823A2A13A5CE00663B32 /* Release */,
			);
			defaultConfigurationIsVisible = 0;
			defaultConfigurationName = Release;
		};
		6710823B2A13A5CE00663B32 /* Build configuration list for PBXNativeTarget "DynamicSource_iOSUITests" */ = {
			isa = XCConfigurationList;
			buildConfigurations = (
				6710823C2A13A5CE00663B32 /* Debug */,
				6710823D2A13A5CE00663B32 /* Release */,
			);
			defaultConfigurationIsVisible = 0;
			defaultConfigurationName = Release;
		};
/* End XCConfigurationList section */
	};
	rootObject = 671082082A13A5CB00663B32 /* Project object */;
}
